[[package]]
category = "dev"
description = "A tool that automatically formats Python code to conform to the PEP 8 style guide"
name = "autopep8"
optional = false
python-versions = "*"
version = "1.4.4"

[package.dependencies]
pycodestyle = ">=2.4.0"

[[package]]
category = "main"
description = "Composable command line interface toolkit"
name = "click"
optional = false
python-versions = ">=2.7, !=3.0.*, !=3.1.*, !=3.2.*, !=3.3.*, !=3.4.*"
version = "7.1.2"

[[package]]
category = "dev"
description = "Discover and load entry points from installed packages."
name = "entrypoints"
optional = false
python-versions = ">=2.7"
version = "0.3"

[[package]]
category = "dev"
description = "the modular source code checker: pep8, pyflakes and co"
name = "flake8"
optional = false
python-versions = ">=2.7, !=3.0.*, !=3.1.*, !=3.2.*, !=3.3.*"
version = "3.7.9"

[package.dependencies]
entrypoints = ">=0.3.0,<0.4.0"
mccabe = ">=0.6.0,<0.7.0"
pycodestyle = ">=2.5.0,<2.6.0"
pyflakes = ">=2.1.0,<2.2.0"

[[package]]
category = "main"
description = "Lightweight pipelining: using Python functions as pipeline jobs."
name = "joblib"
optional = false
python-versions = ">=3.6"
version = "0.16.0"

[[package]]
category = "dev"
description = "McCabe checker, plugin for flake8"
name = "mccabe"
optional = false
python-versions = "*"
version = "0.6.1"

[[package]]
category = "main"
description = "Natural Language Toolkit"
name = "nltk"
optional = false
python-versions = "*"
version = "3.5"

[package.dependencies]
click = "*"
joblib = "*"
regex = "*"
tqdm = "*"

[[package]]
category = "main"
description = "NumPy is the fundamental package for array computing with Python."
name = "numpy"
optional = false
python-versions = ">=3.6"
version = "1.19.1"

[[package]]
category = "main"
description = "A wrapper around the pdftoppm and pdftocairo command line tools to convert PDF to a PIL Image list."
name = "pdf2image"
optional = false
python-versions = "*"
version = "1.14.0"

[package.dependencies]
pillow = "*"

[[package]]
category = "main"
description = "Python Imaging Library (Fork)"
name = "pillow"
optional = false
python-versions = ">=3.6"
version = "8.0.1"

[[package]]
category = "dev"
description = "Python style guide checker"
name = "pycodestyle"
optional = false
python-versions = ">=2.7, !=3.0.*, !=3.1.*, !=3.2.*, !=3.3.*"
version = "2.5.0"

[[package]]
category = "dev"
description = "passive checker of Python programs"
name = "pyflakes"
optional = false
python-versions = ">=2.7, !=3.0.*, !=3.1.*, !=3.2.*, !=3.3.*"
version = "2.1.1"

[[package]]
category = "main"
description = "PDF toolkit"
name = "pypdf2"
optional = false
python-versions = "*"
version = "1.26.0"

[[package]]
category = "main"
description = "Python-tesseract is a python wrapper for Google's Tesseract-OCR"
name = "pytesseract"
optional = false
python-versions = "*"
version = "0.3.6"

[package.dependencies]
Pillow = "*"

[[package]]
category = "main"
description = "Alternative regular expression module, to replace re."
name = "regex"
optional = false
python-versions = "*"
version = "2020.7.14"

[[package]]
category = "main"
description = "Fast, Extensible Progress Meter"
name = "tqdm"
optional = false
python-versions = ">=2.6, !=3.0.*, !=3.1.*"
version = "4.48.2"

[metadata]
content-hash = "eef0264bd994a390c41b9ac28116fc796e1038027ae33b39b418e7373a376495"
python-versions = "^3.7"

[metadata.hashes]
autopep8 = ["4d8eec30cc81bc5617dbf1218201d770dc35629363547f17577c61683ccfb3ee"]
click = ["d2b5255c7c6349bc1bd1e59e08cd12acbbd63ce649f2588755783aa94dfb6b1a", "dacca89f4bfadd5de3d7489b7c8a566eee0d3676333fbb50030263894c38c0dc"]
entrypoints = ["589f874b313739ad35be6e0cd7efde2a4e9b6fea91edcc34e58ecbb8dbe56d19", "c70dd71abe5a8c85e55e12c19bd91ccfeec11a6e99044204511f9ed547d48451"]
flake8 = ["45681a117ecc81e870cbf1262835ae4af5e7a8b08e40b944a8a6e6b895914cfb", "49356e766643ad15072a789a20915d3c91dc89fd313ccd71802303fd67e4deca"]
joblib = ["8f52bf24c64b608bf0b2563e0e47d6fcf516abc8cfafe10cfd98ad66d94f92d6", "d348c5d4ae31496b2aa060d6d9b787864dd204f9480baaa52d18850cb43e9f49"]
mccabe = ["ab8a6258860da4b6677da4bd2fe5dc2c659cff31b3ee4f7f5d64e79735b80d42", "dd8d182285a0fe56bace7f45b5e7d1a6ebcbf524e8f3bd87eb0f125271b8831f"]
nltk = ["845365449cd8c5f9731f7cb9f8bd6fd0767553b9d53af9eb1b3abf7700936b35"]
numpy = ["082f8d4dd69b6b688f64f509b91d482362124986d98dc7dc5f5e9f9b9c3bb983", "1bc0145999e8cb8aed9d4e65dd8b139adf1919e521177f198529687dbf613065", "309cbcfaa103fc9a33ec16d2d62569d541b79f828c382556ff072442226d1968", "3673c8b2b29077f1b7b3a848794f8e11f401ba0b71c49fbd26fb40b71788b132", "480fdd4dbda4dd6b638d3863da3be82873bba6d32d1fc12ea1b8486ac7b8d129", "56ef7f56470c24bb67fb43dae442e946a6ce172f97c69f8d067ff8550cf782ff", "5a936fd51049541d86ccdeef2833cc89a18e4d3808fe58a8abeb802665c5af93", "5b6885c12784a27e957294b60f97e8b5b4174c7504665333c5e94fbf41ae5d6a", "667c07063940e934287993366ad5f56766bc009017b4a0fe91dbd07960d0aba7", "7ed448ff4eaffeb01094959b19cbaf998ecdee9ef9932381420d514e446601cd", "8343bf67c72e09cfabfab55ad4a43ce3f6bf6e6ced7acf70f45ded9ebb425055", "92feb989b47f83ebef246adabc7ff3b9a59ac30601c3f6819f8913458610bdcc", "935c27ae2760c21cd7354402546f6be21d3d0c806fffe967f745d5f2de5005a7", "aaf42a04b472d12515debc621c31cf16c215e332242e7a9f56403d814c744624", "b12e639378c741add21fbffd16ba5ad25c0a1a17cf2b6fe4288feeb65144f35b", "b1cca51512299841bf69add3b75361779962f9cee7d9ee3bb446d5982e925b69", "b8456987b637232602ceb4d663cb34106f7eb780e247d51a260b84760fd8f491", "b9792b0ac0130b277536ab8944e7b754c69560dac0415dd4b2dbd16b902c8954", "c9591886fc9cbe5532d5df85cb8e0cc3b44ba8ce4367bd4cf1b93dc19713da72", "cf1347450c0b7644ea142712619533553f02ef23f92f781312f6a3553d031fc7", "de8b4a9b56255797cbddb93281ed92acbc510fb7b15df3f01bd28f46ebc4edae", "e1b1dc0372f530f26a03578ac75d5e51b3868b9b76cd2facba4c9ee0eb252ab1", "e45f8e981a0ab47103181773cc0a54e650b2aef8c7b6cd07405d0fa8d869444a", "e4f6d3c53911a9d103d8ec9518190e52a8b945bab021745af4939cfc7c0d4a9e", "ed8a311493cf5480a2ebc597d1e177231984c818a86875126cfd004241a73c3e", "ef71a1d4fd4858596ae80ad1ec76404ad29701f8ca7cdcebc50300178db14dfc"]
pdf2image = ["066527e1bf954762fb4369c677ae3bc15f2ce8707eee830cccef8471fde736d7", "cf1b2dc77cf3e050cb06078cd7373469c8dca93d4cea1af2a2e1bbe0ed4a8800"]
pillow = ["006de60d7580d81f4a1a7e9f0173dc90a932e3905cc4d47ea909bc946302311a", "0a2e8d03787ec7ad71dc18aec9367c946ef8ef50e1e78c71f743bc3a770f9fae", "0eeeae397e5a79dc088d8297a4c2c6f901f8fb30db47795113a4a605d0f1e5ce", "11c5c6e9b02c9dac08af04f093eb5a2f84857df70a7d4a6a6ad461aca803fb9e", "2fb113757a369a6cdb189f8df3226e995acfed0a8919a72416626af1a0a71140", "4b0ef2470c4979e345e4e0cc1bbac65fda11d0d7b789dbac035e4c6ce3f98adb", "59e903ca800c8cfd1ebe482349ec7c35687b95e98cefae213e271c8c7fffa021", "5abd653a23c35d980b332bc0431d39663b1709d64142e3652890df4c9b6970f6", "5f9403af9c790cc18411ea398a6950ee2def2a830ad0cfe6dc9122e6d528b302", "6b4a8fd632b4ebee28282a9fef4c341835a1aa8671e2770b6f89adc8e8c2703c", "6c1aca8231625115104a06e4389fcd9ec88f0c9befbabd80dc206c35561be271", "795e91a60f291e75de2e20e6bdd67770f793c8605b553cb6e4387ce0cb302e09", "7ba0ba61252ab23052e642abdb17fd08fdcfdbbf3b74c969a30c58ac1ade7cd3", "7c9401e68730d6c4245b8e361d3d13e1035cbc94db86b49dc7da8bec235d0015", "81f812d8f5e8a09b246515fac141e9d10113229bc33ea073fec11403b016bcf3", "895d54c0ddc78a478c80f9c438579ac15f3e27bf442c2a9aa74d41d0e4d12544", "8de332053707c80963b589b22f8e0229f1be1f3ca862a932c1bcd48dafb18dd8", "92c882b70a40c79de9f5294dc99390671e07fc0b0113d472cbea3fde15db1792", "95edb1ed513e68bddc2aee3de66ceaf743590bf16c023fb9977adc4be15bd3f0", "b63d4ff734263ae4ce6593798bcfee6dbfb00523c82753a3a03cbc05555a9cc3", "bd7bf289e05470b1bc74889d1466d9ad4a56d201f24397557b6f65c24a6844b8", "cc3ea6b23954da84dbee8025c616040d9aa5eaf34ea6895a0a762ee9d3e12e11", "cc9ec588c6ef3a1325fa032ec14d97b7309db493782ea8c304666fb10c3bd9a7", "d3d07c86d4efa1facdf32aa878bd508c0dc4f87c48125cc16b937baa4e5b5e11", "d8a96747df78cda35980905bf26e72960cba6d355ace4780d4bdde3b217cdf1e", "e38d58d9138ef972fceb7aeec4be02e3f01d383723965bfcef14d174c8ccd039", "eb472586374dc66b31e36e14720747595c2b265ae962987261f044e5cce644b5", "fbd922f702582cb0d71ef94442bfca57624352622d75e3be7a1e7e9360b07e72"]
pycodestyle = ["95a2219d12372f05704562a14ec30bc76b05a5b297b21a5dfe3f6fac3491ae56", "e40a936c9a450ad81df37f549d676d127b1b66000a6c500caa2b085bc0ca976c"]
pyflakes = ["17dbeb2e3f4d772725c777fabc446d5634d1038f234e77343108ce445ea69ce0", "d976835886f8c5b31d47970ed689944a0262b5f3afa00a5a7b4dc81e5449f8a2"]
pypdf2 = ["e28f902f2f0a1603ea95ebe21dff311ef09be3d0f0ef29a3e44a932729564385"]
pytesseract = ["b79641b7915ff039da22d5591cb2f5ca6cb0ed7c65194c9c750360dc6a1cc87f"]
regex = ["0dc64ee3f33cd7899f79a8d788abfbec168410be356ed9bd30bbd3f0a23a7204", "1269fef3167bb52631ad4fa7dd27bf635d5a0790b8e6222065d42e91bede4162", "14a53646369157baa0499513f96091eb70382eb50b2c82393d17d7ec81b7b85f", "3a3af27a8d23143c49a3420efe5b3f8cf1a48c6fc8bc6856b03f638abc1833bb", "46bac5ca10fb748d6c55843a931855e2727a7a22584f302dd9bb1506e69f83f6", "4c037fd14c5f4e308b8370b447b469ca10e69427966527edcab07f52d88388f7", "51178c738d559a2d1071ce0b0f56e57eb315bcf8f7d4cf127674b533e3101f88", "5ea81ea3dbd6767873c611687141ec7b06ed8bab43f68fad5b7be184a920dc99", "6961548bba529cac7c07af2fd4d527c5b91bb8fe18995fed6044ac22b3d14644", "75aaa27aa521a182824d89e5ab0a1d16ca207318a6b65042b046053cfc8ed07a", "7a2dd66d2d4df34fa82c9dc85657c5e019b87932019947faece7983f2089a840", "8a51f2c6d1f884e98846a0a9021ff6861bdb98457879f412fdc2b42d14494067", "9c568495e35599625f7b999774e29e8d6b01a6fb684d77dee1f56d41b11b40cd", "9eddaafb3c48e0900690c1727fba226c4804b8e6127ea409689c3bb492d06de4", "bbb332d45b32df41200380fff14712cb6093b61bd142272a10b16778c418e98e", "bc3d98f621898b4a9bc7fecc00513eec8f40b5b83913d74ccb445f037d58cd89", "c11d6033115dc4887c456565303f540c44197f4fc1a2bfb192224a301534888e", "c50a724d136ec10d920661f1442e4a8b010a4fe5aebd65e0c2241ea41dbe93dc", "d0a5095d52b90ff38592bbdc2644f17c6d495762edf47d876049cfd2968fbccf", "d6cff2276e502b86a25fd10c2a96973fdb45c7a977dca2138d661417f3728341", "e46d13f38cfcbb79bfdb2964b0fe12561fe633caf964a77a5f8d4e45fe5d2ef7"]
tqdm = ["1a336d2b829be50e46b84668691e0a2719f26c97c62846298dd5ae2937e4d5cf", "564d632ea2b9cb52979f7956e093e831c28d441c11751682f84c86fc46e4fd21"]
